PODS:
  - Flutter (1.0.0)
  - flutter_llama (1.0.0):
    - Flutter
  - path_provider_foundation (0.0.1):
    - Flutter
    - FlutterMacOS

DEPENDENCIES:
  - Flutter (from `Flutter`)
  - flutter_llama (from `.symlinks/plugins/flutter_llama/ios`)
  - path_provider_foundation (from `.symlinks/plugins/path_provider_foundation/darwin`)

EXTERNAL SOURCES:
  Flutter:
    :path: Flutter
  flutter_llama:
    :path: ".symlinks/plugins/flutter_llama/ios"
  path_provider_foundation:
    :path: ".symlinks/plugins/path_provider_foundation/darwin"

SPEC CHECKSUMS:
  Flutter: cabc95a1d2626b1b06e7179b784ebcf0c0cde467
  flutter_llama: 5c8284522bc1f4efc4ec43ba078283a217359571
  path_provider_foundation: bb55f6dbba17d0dccd6737fe6f7f34fbd0376880

PODFILE CHECKSUM: a8c90eb83514ca1deb9b9c09f25231fd41b13c1c

COCOAPODS: 1.16.2
